
Microsoft Visual Studio Solution File, Format Version 12.00
# Visual Studio Version 17
VisualStudioVersion = 17.0.31903.59
MinimumVisualStudioVersion = 10.0.40219.1
Project("{FAE04EC0-301F-11D3-BF4B-00C04F79EFBC}") = "API", "API\API.csproj", "{5CF2774C-4048-4780-8352-825A81306DB8}"
EndProject
Project("{FAE04EC0-301F-11D3-BF4B-00C04F79EFBC}") = "Application", "Application\Application.csproj", "{BA33DA69-89F6-4450-9AF7-9512431BBBD0}"
EndProject
Project("{FAE04EC0-301F-11D3-BF4B-00C04F79EFBC}") = "Domain", "Domain\Domain.csproj", "{69B9E7ED-7103-4B6F-8AC5-4278098E2730}"
EndProject
Project("{FAE04EC0-301F-11D3-BF4B-00C04F79EFBC}") = "Persistence", "Persistence\Persistence.csproj", "{F27E7152-028B-420A-BE0A-F440F19DE759}"
EndProject
Global
	GlobalSection(SolutionConfigurationPlatforms) = preSolution
		Debug|Any CPU = Debug|Any CPU
		Release|Any CPU = Release|Any CPU
	EndGlobalSection
	GlobalSection(SolutionProperties) = preSolution
		HideSolutionNode = FALSE
	EndGlobalSection
	GlobalSection(ProjectConfigurationPlatforms) = postSolution
		{5CF2774C-4048-4780-8352-825A81306DB8}.Debug|Any CPU.ActiveCfg = Debug|Any CPU
		{5CF2774C-4048-4780-8352-825A81306DB8}.Debug|Any CPU.Build.0 = Debug|Any CPU
		{5CF2774C-4048-4780-8352-825A81306DB8}.Release|Any CPU.ActiveCfg = Release|Any CPU
		{5CF2774C-4048-4780-8352-825A81306DB8}.Release|Any CPU.Build.0 = Release|Any CPU
		{BA33DA69-89F6-4450-9AF7-9512431BBBD0}.Debug|Any CPU.ActiveCfg = Debug|Any CPU
		{BA33DA69-89F6-4450-9AF7-9512431BBBD0}.Debug|Any CPU.Build.0 = Debug|Any CPU
		{BA33DA69-89F6-4450-9AF7-9512431BBBD0}.Release|Any CPU.ActiveCfg = Release|Any CPU
		{BA33DA69-89F6-4450-9AF7-9512431BBBD0}.Release|Any CPU.Build.0 = Release|Any CPU
		{69B9E7ED-7103-4B6F-8AC5-4278098E2730}.Debug|Any CPU.ActiveCfg = Debug|Any CPU
		{69B9E7ED-7103-4B6F-8AC5-4278098E2730}.Debug|Any CPU.Build.0 = Debug|Any CPU
		{69B9E7ED-7103-4B6F-8AC5-4278098E2730}.Release|Any CPU.ActiveCfg = Release|Any CPU
		{69B9E7ED-7103-4B6F-8AC5-4278098E2730}.Release|Any CPU.Build.0 = Release|Any CPU
		{F27E7152-028B-420A-BE0A-F440F19DE759}.Debug|Any CPU.ActiveCfg = Debug|Any CPU
		{F27E7152-028B-420A-BE0A-F440F19DE759}.Debug|Any CPU.Build.0 = Debug|Any CPU
		{F27E7152-028B-420A-BE0A-F440F19DE759}.Release|Any CPU.ActiveCfg = Release|Any CPU
		{F27E7152-028B-420A-BE0A-F440F19DE759}.Release|Any CPU.Build.0 = Release|Any CPU
	EndGlobalSection
EndGlobal
